
Microsoft Visual Studio Solution File, Format Version 12.00
# Visual Studio 15
VisualStudioVersion = 15.0.28307.136
MinimumVisualStudioVersion = 10.0.40219.1
Project("{FAE04EC0-301F-11D3-BF4B-00C04F79EFBC}") = "Codility", "Codility.csproj", "{174AE6EC-FA78-4B7A-8A82-49671F0ACB90}"
EndProject
Global
	GlobalSection(SolutionConfigurationPlatforms) = preSolution
		Debug|Any CPU = Debug|Any CPU
		Release|Any CPU = Release|Any CPU
	EndGlobalSection
	GlobalSection(ProjectConfigurationPlatforms) = postSolution
		{174AE6EC-FA78-4B7A-8A82-49671F0ACB90}.Debug|Any CPU.ActiveCfg = Debug|Any CPU
		{174AE6EC-FA78-4B7A-8A82-49671F0ACB90}.Debug|Any CPU.Build.0 = Debug|Any CPU
		{174AE6EC-FA78-4B7A-8A82-49671F0ACB90}.Release|Any CPU.ActiveCfg = Release|Any CPU
		{174AE6EC-FA78-4B7A-8A82-49671F0ACB90}.Release|Any CPU.Build.0 = Release|Any CPU
	EndGlobalSection
	GlobalSection(SolutionProperties) = preSolution
		HideSolutionNode = FALSE
	EndGlobalSection
	GlobalSection(ExtensibilityGlobals) = postSolution
		SolutionGuid = {EB14061D-D29C-4B1F-8871-7E69CFD64E25}
	EndGlobalSection
EndGlobal
